
Microsoft Visual Studio Solution File, Format Version 12.00
Project("{FAE04EC0-301F-11D3-BF4B-00C04F79EFBC}") = "ASD_Second_LEC", "ASD_Second_LEC.csproj", "{50F80AE6-CCFC-4A51-B26B-3AD3603A6AD7}"
EndProject
Global
	GlobalSection(SolutionConfigurationPlatforms) = preSolution
		Debug|Any CPU = Debug|Any CPU
		Release|Any CPU = Release|Any CPU
	EndGlobalSection
	GlobalSection(ProjectConfigurationPlatforms) = postSolution
		{50F80AE6-CCFC-4A51-B26B-3AD3603A6AD7}.Debug|Any CPU.ActiveCfg = Debug|Any CPU
		{50F80AE6-CCFC-4A51-B26B-3AD3603A6AD7}.Debug|Any CPU.Build.0 = Debug|Any CPU
		{50F80AE6-CCFC-4A51-B26B-3AD3603A6AD7}.Release|Any CPU.ActiveCfg = Release|Any CPU
		{50F80AE6-CCFC-4A51-B26B-3AD3603A6AD7}.Release|Any CPU.Build.0 = Release|Any CPU
	EndGlobalSection
EndGlobal
