
Microsoft Visual Studio Solution File, Format Version 12.00
Project("{FAE04EC0-301F-11D3-BF4B-00C04F79EFBC}") = "ASD_Homework_One", "ASD_Homework_One\ASD_Homework_One.csproj", "{BA595659-9AD5-4C6D-A108-B5405A8F7E2F}"
EndProject
Global
	GlobalSection(SolutionConfigurationPlatforms) = preSolution
		Debug|Any CPU = Debug|Any CPU
		Release|Any CPU = Release|Any CPU
	EndGlobalSection
	GlobalSection(ProjectConfigurationPlatforms) = postSolution
		{BA595659-9AD5-4C6D-A108-B5405A8F7E2F}.Debug|Any CPU.ActiveCfg = Debug|Any CPU
		{BA595659-9AD5-4C6D-A108-B5405A8F7E2F}.Debug|Any CPU.Build.0 = Debug|Any CPU
		{BA595659-9AD5-4C6D-A108-B5405A8F7E2F}.Release|Any CPU.ActiveCfg = Release|Any CPU
		{BA595659-9AD5-4C6D-A108-B5405A8F7E2F}.Release|Any CPU.Build.0 = Release|Any CPU
	EndGlobalSection
EndGlobal
